// !$*UTF8*$!
{
	archiveVersion = 1;
	classes = {
	};
	objectVersion = 46;
	objects = {

/* Begin PBXBuildFile section */
		097A47C318F884ED008BA556 /* Foundation.framework in Frameworks */ = {isa = PBXBuildFile; fileRef = 097A47C218F884ED008BA556 /* Foundation.framework */; };
		097A47C518F884ED008BA556 /* CoreGraphics.framework in Frameworks */ = {isa = PBXBuildFile; fileRef = 097A47C418F884ED008BA556 /* CoreGraphics.framework */; };
		097A47C718F884ED008BA556 /* UIKit.framework in Frameworks */ = {isa = PBXBuildFile; fileRef = 097A47C618F884ED008BA556 /* UIKit.framework */; };
		097A47CD18F884ED008BA556 /* InfoPlist.strings in Resources */ = {isa = PBXBuildFile; fileRef = 097A47CB18F884ED008BA556 /* InfoPlist.strings */; };
		097A47CF18F884ED008BA556 /* main.m in Sources */ = {isa = PBXBuildFile; fileRef = 097A47CE18F884ED008BA556 /* main.m */; };
		097A47D318F884ED008BA556 /* AppDelegate.m in Sources */ = {isa = PBXBuildFile; fileRef = 097A47D218F884ED008BA556 /* AppDelegate.m */; };
		097A47D518F884ED008BA556 /* Images.xcassets in Resources */ = {isa = PBXBuildFile; fileRef = 097A47D418F884ED008BA556 /* Images.xcassets */; };
		097A47DC18F884EE008BA556 /* XCTest.framework in Frameworks */ = {isa = PBXBuildFile; fileRef = 097A47DB18F884EE008BA556 /* XCTest.framework */; };
		097A47DD18F884EE008BA556 /* Foundation.framework in Frameworks */ = {isa = PBXBuildFile; fileRef = 097A47C218F884ED008BA556 /* Foundation.framework */; };
		097A47DE18F884EE008BA556 /* UIKit.framework in Frameworks */ = {isa = PBXBuildFile; fileRef = 097A47C618F884ED008BA556 /* UIKit.framework */; };
		097A47E618F884EE008BA556 /* InfoPlist.strings in Resources */ = {isa = PBXBuildFile; fileRef = 097A47E418F884EE008BA556 /* InfoPlist.strings */; };
		097A47E818F884EE008BA556 /* aboutviewsTests.m in Sources */ = {isa = PBXBuildFile; fileRef = 097A47E718F884EE008BA556 /* aboutviewsTests.m */; };
/* End PBXBuildFile section */

/* Begin PBXContainerItemProxy section */
		097A47DF18F884EE008BA556 /* PBXContainerItemProxy */ = {
			isa = PBXContainerItemProxy;
			containerPortal = 097A47B718F884ED008BA556 /* Project object */;
			proxyType = 1;
			remoteGlobalIDString = 097A47BE18F884ED008BA556;
			remoteInfo = aboutviews;
		};
/* End PBXContainerItemProxy section */

/* Begin PBXFileReference section */
		097A47BF18F884ED008BA556 /* aboutviews.app */ = {isa = PBXFileReference; explicitFileType = wrapper.application; includeInIndex = 0; path = aboutviews.app; sourceTree = BUILT_PRODUCTS_DIR; };
		097A47C218F884ED008BA556 /* Foundation.framework */ = {isa = PBXFileReference; lastKnownFileType = wrapper.framework; name = Foundation.framework; path = System/Library/Frameworks/Foundation.framework; sourceTree = SDKROOT; };
		097A47C418F884ED008BA556 /* CoreGraphics.framework */ = {isa = PBXFileReference; lastKnownFileType = wrapper.framework; name = CoreGraphics.framework; path = System/Library/Frameworks/CoreGraphics.framework; sourceTree = SDKROOT; };
		097A47C618F884ED008BA556 /* UIKit.framework */ = {isa = PBXFileReference; lastKnownFileType = wrapper.framework; name = UIKit.framework; path = System/Library/Frameworks/UIKit.framework; sourceTree = SDKROOT; };
		097A47CA18F884ED008BA556 /* aboutviews-Info.plist */ = {isa = PBXFileReference; lastKnownFileType = text.plist.xml; path = "aboutviews-Info.plist"; sourceTree = "<group>"; };
		097A47CC18F884ED008BA556 /* en */ = {isa = PBXFileReference; lastKnownFileType = text.plist.strings; name = en; path = en.lproj/InfoPlist.strings; sourceTree = "<group>"; };
		097A47CE18F884ED008BA556 /* main.m */ = {isa = PBXFileReference; lastKnownFileType = sourcecode.c.objc; path = main.m; sourceTree = "<group>"; };
		097A47D018F884ED008BA556 /* aboutviews-Prefix.pch */ = {isa = PBXFileReference; lastKnownFileType = sourcecode.c.h; path = "aboutviews-Prefix.pch"; sourceTree = "<group>"; };
		097A47D118F884ED008BA556 /* AppDelegate.h */ = {isa = PBXFileReference; lastKnownFileType = sourcecode.c.h; path = AppDelegate.h; sourceTree = "<group>"; };
		097A47D218F884ED008BA556 /* AppDelegate.m */ = {isa = PBXFileReference; lastKnownFileType = sourcecode.c.objc; path = AppDelegate.m; sourceTree = "<group>"; };
		097A47D418F884ED008BA556 /* Images.xcassets */ = {isa = PBXFileReference; lastKnownFileType = folder.assetcatalog; path = Images.xcassets; sourceTree = "<group>"; };
		097A47DA18F884EE008BA556 /* aboutviewsTests.xctest */ = {isa = PBXFileReference; explicitFileType = wrapper.cfbundle; includeInIndex = 0; path = aboutviewsTests.xctest; sourceTree = BUILT_PRODUCTS_DIR; };
		097A47DB18F884EE008BA556 /* XCTest.framework */ = {isa = PBXFileReference; lastKnownFileType = wrapper.framework; name = XCTest.framework; path = Library/Frameworks/XCTest.framework; sourceTree = DEVELOPER_DIR; };
		097A47E318F884EE008BA556 /* aboutviewsTests-Info.plist */ = {isa = PBXFileReference; lastKnownFileType = text.plist.xml; path = "aboutviewsTests-Info.plist"; sourceTree = "<group>"; };
		097A47E518F884EE008BA556 /* en */ = {isa = PBXFileReference; lastKnownFileType = text.plist.strings; name = en; path = en.lproj/InfoPlist.strings; sourceTree = "<group>"; };
		097A47E718F884EE008BA556 /* aboutviewsTests.m */ = {isa = PBXFileReference; lastKnownFileType = sourcecode.c.objc; path = aboutviewsTests.m; sourceTree = "<group>"; };
/* End PBXFileReference section */

/* Begin PBXFrameworksBuildPhase section */
		097A47BC18F884ED008BA556 /* Frameworks */ = {
			isa = PBXFrameworksBuildPhase;
			buildActionMask = 2147483647;
			files = (
				097A47C518F884ED008BA556 /* CoreGraphics.framework in Frameworks */,
				097A47C718F884ED008BA556 /* UIKit.framework in Frameworks */,
				097A47C318F884ED008BA556 /* Foundation.framework in Frameworks */,
			);
			runOnlyForDeploymentPostprocessing = 0;
		};
		097A47D718F884EE008BA556 /* Frameworks */ = {
			isa = PBXFrameworksBuildPhase;
			buildActionMask = 2147483647;
			files = (
				097A47DC18F884EE008BA556 /* XCTest.framework in Frameworks */,
				097A47DE18F884EE008BA556 /* UIKit.framework in Frameworks */,
				097A47DD18F884EE008BA556 /* Foundation.framework in Frameworks */,
			);
			runOnlyForDeploymentPostprocessing = 0;
		};
/* End PBXFrameworksBuildPhase section */

/* Begin PBXGroup section */
		097A47B618F884ED008BA556 = {
			isa = PBXGroup;
			children = (
				097A47C818F884ED008BA556 /* aboutviews */,
				097A47E118F884EE008BA556 /* aboutviewsTests */,
				097A47C118F884ED008BA556 /* Frameworks */,
				097A47C018F884ED008BA556 /* Products */,
			);
			sourceTree = "<group>";
		};
		097A47C018F884ED008BA556 /* Products */ = {
			isa = PBXGroup;
			children = (
				097A47BF18F884ED008BA556 /* aboutviews.app */,
				097A47DA18F884EE008BA556 /* aboutviewsTests.xctest */,
			);
			name = Products;
			sourceTree = "<group>";
		};
		097A47C118F884ED008BA556 /* Frameworks */ = {
			isa = PBXGroup;
			children = (
				097A47C218F884ED008BA556 /* Foundation.framework */,
				097A47C418F884ED008BA556 /* CoreGraphics.framework */,
				097A47C618F884ED008BA556 /* UIKit.framework */,
				097A47DB18F884EE008BA556 /* XCTest.framework */,
			);
			name = Frameworks;
			sourceTree = "<group>";
		};
		097A47C818F884ED008BA556 /* aboutviews */ = {
			isa = PBXGroup;
			children = (
				097A47D118F884ED008BA556 /* AppDelegate.h */,
				097A47D218F884ED008BA556 /* AppDelegate.m */,
				097A47D418F884ED008BA556 /* Images.xcassets */,
				097A47C918F884ED008BA556 /* Supporting Files */,
			);
			path = aboutviews;
			sourceTree = "<group>";
		};
		097A47C918F884ED008BA556 /* Supporting Files */ = {
			isa = PBXGroup;
			children = (
				097A47CA18F884ED008BA556 /* aboutviews-Info.plist */,
				097A47CB18F884ED008BA556 /* InfoPlist.strings */,
				097A47CE18F884ED008BA556 /* main.m */,
				097A47D018F884ED008BA556 /* aboutviews-Prefix.pch */,
			);
			name = "Supporting Files";
			sourceTree = "<group>";
		};
		097A47E118F884EE008BA556 /* aboutviewsTests */ = {
			isa = PBXGroup;
			children = (
				097A47E718F884EE008BA556 /* aboutviewsTests.m */,
				097A47E218F884EE008BA556 /* Supporting Files */,
			);
			path = aboutviewsTests;
			sourceTree = "<group>";
		};
		097A47E218F884EE008BA556 /* Supporting Files */ = {
			isa = PBXGroup;
			children = (
				097A47E318F884EE008BA556 /* aboutviewsTests-Info.plist */,
				097A47E418F884EE008BA556 /* InfoPlist.strings */,
			);
			name = "Supporting Files";
			sourceTree = "<group>";
		};
/* End PBXGroup section */

/* Begin PBXNativeTarget section */
		097A47BE18F884ED008BA556 /* aboutviews */ = {
			isa = PBXNativeTarget;
			buildConfigurationList = 097A47EB18F884EE008BA556 /* Build configuration list for PBXNativeTarget "aboutviews" */;
			buildPhases = (
				097A47BB18F884ED008BA556 /* Sources */,
				097A47BC18F884ED008BA556 /* Frameworks */,
				097A47BD18F884ED008BA556 /* Resources */,
			);
			buildRules = (
			);
			dependencies = (
			);
			name = aboutviews;
			productName = aboutviews;
			productReference = 097A47BF18F884ED008BA556 /* aboutviews.app */;
			productType = "com.apple.product-type.application";
		};
		097A47D918F884EE008BA556 /* aboutviewsTests */ = {
			isa = PBXNativeTarget;
			buildConfigurationList = 097A47EE18F884EE008BA556 /* Build configuration list for PBXNativeTarget "aboutviewsTests" */;
			buildPhases = (
				097A47D618F884EE008BA556 /* Sources */,
				097A47D718F884EE008BA556 /* Frameworks */,
				097A47D818F884EE008BA556 /* Resources */,
			);
			buildRules = (
			);
			dependencies = (
				097A47E018F884EE008BA556 /* PBXTargetDependency */,
			);
			name = aboutviewsTests;
			productName = aboutviewsTests;
			productReference = 097A47DA18F884EE008BA556 /* aboutviewsTests.xctest */;
			productType = "com.apple.product-type.bundle.unit-test";
		};
/* End PBXNativeTarget section */

/* Begin PBXProject section */
		097A47B718F884ED008BA556 /* Project object */ = {
			isa = PBXProject;
			attributes = {
				LastUpgradeCheck = 0500;
				ORGANIZATIONNAME = Apprentice;
				TargetAttributes = {
					097A47D918F884EE008BA556 = {
						TestTargetID = 097A47BE18F884ED008BA556;
					};
				};
			};
			buildConfigurationList = 097A47BA18F884ED008BA556 /* Build configuration list for PBXProject "aboutviews" */;
			compatibilityVersion = "Xcode 3.2";
			developmentRegion = English;
			hasScannedForEncodings = 0;
			knownRegions = (
				en,
			);
			mainGroup = 097A47B618F884ED008BA556;
			productRefGroup = 097A47C018F884ED008BA556 /* Products */;
			projectDirPath = "";
			projectRoot = "";
			targets = (
				097A47BE18F884ED008BA556 /* aboutviews */,
				097A47D918F884EE008BA556 /* aboutviewsTests */,
			);
		};
/* End PBXProject section */

/* Begin PBXResourcesBuildPhase section */
		097A47BD18F884ED008BA556 /* Resources */ = {
			isa = PBXResourcesBuildPhase;
			buildActionMask = 2147483647;
			files = (
				097A47CD18F884ED008BA556 /* InfoPlist.strings in Resources */,
				097A47D518F884ED008BA556 /* Images.xcassets in Resources */,
			);
			runOnlyForDeploymentPostprocessing = 0;
		};
		097A47D818F884EE008BA556 /* Resources */ = {
			isa = PBXResourcesBuildPhase;
			buildActionMask = 2147483647;
			files = (
				097A47E618F884EE008BA556 /* InfoPlist.strings in Resources */,
			);
			runOnlyForDeploymentPostprocessing = 0;
		};
/* End PBXResourcesBuildPhase section */

/* Begin PBXSourcesBuildPhase section */
		097A47BB18F884ED008BA556 /* Sources */ = {
			isa = PBXSourcesBuildPhase;
			buildActionMask = 2147483647;
			files = (
				097A47D318F884ED008BA556 /* AppDelegate.m in Sources */,
				097A47CF18F884ED008BA556 /* main.m in Sources */,
			);
			runOnlyForDeploymentPostprocessing = 0;
		};
		097A47D618F884EE008BA556 /* Sources */ = {
			isa = PBXSourcesBuildPhase;
			buildActionMask = 2147483647;
			files = (
				097A47E818F884EE008BA556 /* aboutviewsTests.m in Sources */,
			);
			runOnlyForDeploymentPostprocessing = 0;
		};
/* End PBXSourcesBuildPhase section */

/* Begin PBXTargetDependency section */
		097A47E018F884EE008BA556 /* PBXTargetDependency */ = {
			isa = PBXTargetDependency;
			target = 097A47BE18F884ED008BA556 /* aboutviews */;
			targetProxy = 097A47DF18F884EE008BA556 /* PBXContainerItemProxy */;
		};
/* End PBXTargetDependency section */

/* Begin PBXVariantGroup section */
		097A47CB18F884ED008BA556 /* InfoPlist.strings */ = {
			isa = PBXVariantGroup;
			children = (
				097A47CC18F884ED008BA556 /* en */,
			);
			name = InfoPlist.strings;
			sourceTree = "<group>";
		};
		097A47E418F884EE008BA556 /* InfoPlist.strings */ = {
			isa = PBXVariantGroup;
			children = (
				097A47E518F884EE008BA556 /* en */,
			);
			name = InfoPlist.strings;
			sourceTree = "<group>";
		};
/* End PBXVariantGroup section */

/* Begin XCBuildConfiguration section */
		097A47E918F884EE008BA556 /* Debug */ = {
			isa = XCBuildConfiguration;
			buildSettings = {
				ALWAYS_SEARCH_USER_PATHS = NO;
				ARCHS = "$(ARCHS_STANDARD_INCLUDING_64_BIT)";
				CLANG_CXX_LANGUAGE_STANDARD = "gnu++0x";
				CLANG_CXX_LIBRARY = "libc++";
				CLANG_ENABLE_MODULES = YES;
				CLANG_ENABLE_OBJC_ARC = YES;
				CLANG_WARN_BOOL_CONVERSION = YES;
				CLANG_WARN_CONSTANT_CONVERSION = YES;
				CLANG_WARN_DIRECT_OBJC_ISA_USAGE = YES_ERROR;
				CLANG_WARN_EMPTY_BODY = YES;
				CLANG_WARN_ENUM_CONVERSION = YES;
				CLANG_WARN_INT_CONVERSION = YES;
				CLANG_WARN_OBJC_ROOT_CLASS = YES_ERROR;
				CLANG_WARN__DUPLICATE_METHOD_MATCH = YES;
				"CODE_SIGN_IDENTITY[sdk=iphoneos*]" = "iPhone Developer";
				COPY_PHASE_STRIP = NO;
				GCC_C_LANGUAGE_STANDARD = gnu99;
				GCC_DYNAMIC_NO_PIC = NO;
				GCC_OPTIMIZATION_LEVEL = 0;
				GCC_PREPROCESSOR_DEFINITIONS = (
					"DEBUG=1",
					"$(inherited)",
				);
				GCC_SYMBOLS_PRIVATE_EXTERN = NO;
				GCC_WARN_64_TO_32_BIT_CONVERSION = YES;
				GCC_WARN_ABOUT_RETURN_TYPE = YES_ERROR;
				GCC_WARN_UNDECLARED_SELECTOR = YES;
				GCC_WARN_UNINITIALIZED_AUTOS = YES;
				GCC_WARN_UNUSED_FUNCTION = YES;
				GCC_WARN_UNUSED_VARIABLE = YES;
				IPHONEOS_DEPLOYMENT_TARGET = 7.0;
				ONLY_ACTIVE_ARCH = YES;
				SDKROOT = iphoneos;
			};
			name = Debug;
		};
		097A47EA18F884EE008BA556 /* Release */ = {
			isa = XCBuildConfiguration;
			buildSettings = {
				ALWAYS_SEARCH_USER_PATHS = NO;
				ARCHS = "$(ARCHS_STANDARD_INCLUDING_64_BIT)";
				CLANG_CXX_LANGUAGE_STANDARD = "gnu++0x";
				CLANG_CXX_LIBRARY = "libc++";
				CLANG_ENABLE_MODULES = YES;
				CLANG_ENABLE_OBJC_ARC = YES;
				CLANG_WARN_BOOL_CONVERSION = YES;
				CLANG_WARN_CONSTANT_CONVERSION = YES;
				CLANG_WARN_DIRECT_OBJC_ISA_USAGE = YES_ERROR;
				CLANG_WARN_EMPTY_BODY = YES;
				CLANG_WARN_ENUM_CONVERSION = YES;
				CLANG_WARN_INT_CONVERSION = YES;
				CLANG_WARN_OBJC_ROOT_CLASS = YES_ERROR;
				CLANG_WARN__DUPLICATE_METHOD_MATCH = YES;
				"CODE_SIGN_IDENTITY[sdk=iphoneos*]" = "iPhone Developer";
				COPY_PHASE_STRIP = YES;
				ENABLE_NS_ASSERTIONS = NO;
				GCC_C_LANGUAGE_STANDARD = gnu99;
				GCC_WARN_64_TO_32_BIT_CONVERSION = YES;
				GCC_WARN_ABOUT_RETURN_TYPE = YES_ERROR;
				GCC_WARN_UNDECLARED_SELECTOR = YES;
				GCC_WARN_UNINITIALIZED_AUTOS = YES;
				GCC_WARN_UNUSED_FUNCTION = YES;
				GCC_WARN_UNUSED_VARIABLE = YES;
				IPHONEOS_DEPLOYMENT_TARGET = 7.0;
				SDKROOT = iphoneos;
				VALIDATE_PRODUCT = YES;
			};
			name = Release;
		};
		097A47EC18F884EE008BA556 /* Debug */ = {
			isa = XCBuildConfiguration;
			buildSettings = {
				ASSETCATALOG_COMPILER_APPICON_NAME = AppIcon;
				ASSETCATALOG_COMPILER_LAUNCHIMAGE_NAME = LaunchImage;
				GCC_PRECOMPILE_PREFIX_HEADER = YES;
				GCC_PREFIX_HEADER = "aboutviews/aboutviews-Prefix.pch";
				INFOPLIST_FILE = "aboutviews/aboutviews-Info.plist";
				PRODUCT_NAME = "$(TARGET_NAME)";
				WRAPPER_EXTENSION = app;
			};
			name = Debug;
		};
		097A47ED18F884EE008BA556 /* Release */ = {
			isa = XCBuildConfiguration;
			buildSettings = {
				ASSETCATALOG_COMPILER_APPICON_NAME = AppIcon;
				ASSETCATALOG_COMPILER_LAUNCHIMAGE_NAME = LaunchImage;
				GCC_PRECOMPILE_PREFIX_HEADER = YES;
				GCC_PREFIX_HEADER = "aboutviews/aboutviews-Prefix.pch";
				INFOPLIST_FILE = "aboutviews/aboutviews-Info.plist";
				PRODUCT_NAME = "$(TARGET_NAME)";
				WRAPPER_EXTENSION = app;
			};
			name = Release;
		};
		097A47EF18F884EE008BA556 /* Debug */ = {
			isa = XCBuildConfiguration;
			buildSettings = {
				ARCHS = "$(ARCHS_STANDARD_INCLUDING_64_BIT)";
				BUNDLE_LOADER = "$(BUILT_PRODUCTS_DIR)/aboutviews.app/aboutviews";
				FRAMEWORK_SEARCH_PATHS = (
					"$(SDKROOT)/Developer/Library/Frameworks",
					"$(inherited)",
					"$(DEVELOPER_FRAMEWORKS_DIR)",
				);
				GCC_PRECOMPILE_PREFIX_HEADER = YES;
				GCC_PREFIX_HEADER = "aboutviews/aboutviews-Prefix.pch";
				GCC_PREPROCESSOR_DEFINITIONS = (
					"DEBUG=1",
					"$(inherited)",
				);
				INFOPLIST_FILE = "aboutviewsTests/aboutviewsTests-Info.plist";
				PRODUCT_NAME = "$(TARGET_NAME)";
				TEST_HOST = "$(BUNDLE_LOADER)";
				WRAPPER_EXTENSION = xctest;
			};
			name = Debug;
		};
		097A47F018F884EE008BA556 /* Release */ = {
			isa = XCBuildConfiguration;
			buildSettings = {
				ARCHS = "$(ARCHS_STANDARD_INCLUDING_64_BIT)";
				BUNDLE_LOADER = "$(BUILT_PRODUCTS_DIR)/aboutviews.app/aboutviews";
				FRAMEWORK_SEARCH_PATHS = (
					"$(SDKROOT)/Developer/Library/Frameworks",
					"$(inherited)",
					"$(DEVELOPER_FRAMEWORKS_DIR)",
				);
				GCC_PRECOMPILE_PREFIX_HEADER = YES;
				GCC_PREFIX_HEADER = "aboutviews/aboutviews-Prefix.pch";
				INFOPLIST_FILE = "aboutviewsTests/aboutviewsTests-Info.plist";
				PRODUCT_NAME = "$(TARGET_NAME)";
				TEST_HOST = "$(BUNDLE_LOADER)";
				WRAPPER_EXTENSION = xctest;
			};
			name = Release;
		};
/* End XCBuildConfiguration section */

/* Begin XCConfigurationList section */
		097A47BA18F884ED008BA556 /* Build configuration list for PBXProject "aboutviews" */ = {
			isa = XCConfigurationList;
			buildConfigurations = (
				097A47E918F884EE008BA556 /* Debug */,
				097A47EA18F884EE008BA556 /* Release */,
			);
			defaultConfigurationIsVisible = 0;
			defaultConfigurationName = Release;
		};
		097A47EB18F884EE008BA556 /* Build configuration list for PBXNativeTarget "aboutviews" */ = {
			isa = XCConfigurationList;
			buildConfigurations = (
				097A47EC18F884EE008BA556 /* Debug */,
				097A47ED18F884EE008BA556 /* Release */,
			);
			defaultConfigurationIsVisible = 0;
		};
		097A47EE18F884EE008BA556 /* Build configuration list for PBXNativeTarget "aboutviewsTests" */ = {
			isa = XCConfigurationList;
			buildConfigurations = (
				097A47EF18F884EE008BA556 /* Debug */,
				097A47F018F884EE008BA556 /* Release */,
			);
			defaultConfigurationIsVisible = 0;
		};
/* End XCConfigurationList section */
	};
	rootObject = 097A47B718F884ED008BA556 /* Project object */;
}
